
Microsoft Visual Studio Solution File, Format Version 12.00
# Visual Studio 15
VisualStudioVersion = 15.0.28010.2041
MinimumVisualStudioVersion = 10.0.40219.1
Project("{FAE04EC0-301F-11D3-BF4B-00C04F79EFBC}") = "VSHelloWorld_160221014", "VSHelloWorld_160221014\VSHelloWorld_160221014.csproj", "{EA2947CE-130A-4934-A378-D1C8CCFB7D1A}"
EndProject
Global
	GlobalSection(SolutionConfigurationPlatforms) = preSolution
		Debug|Any CPU = Debug|Any CPU
		Release|Any CPU = Release|Any CPU
	EndGlobalSection
	GlobalSection(ProjectConfigurationPlatforms) = postSolution
		{EA2947CE-130A-4934-A378-D1C8CCFB7D1A}.Debug|Any CPU.ActiveCfg = Debug|Any CPU
		{EA2947CE-130A-4934-A378-D1C8CCFB7D1A}.Debug|Any CPU.Build.0 = Debug|Any CPU
		{EA2947CE-130A-4934-A378-D1C8CCFB7D1A}.Release|Any CPU.ActiveCfg = Release|Any CPU
		{EA2947CE-130A-4934-A378-D1C8CCFB7D1A}.Release|Any CPU.Build.0 = Release|Any CPU
	EndGlobalSection
	GlobalSection(SolutionProperties) = preSolution
		HideSolutionNode = FALSE
	EndGlobalSection
	GlobalSection(ExtensibilityGlobals) = postSolution
		SolutionGuid = {7EAB2971-CEA6-4AE7-B327-A57979FDA0D3}
	EndGlobalSection
EndGlobal
